
Microsoft Visual Studio Solution File, Format Version 12.00
# Visual Studio 15
VisualStudioVersion = 15.0.27130.2027
MinimumVisualStudioVersion = 10.0.40219.1
Project("{FAE04EC0-301F-11D3-BF4B-00C04F79EFBC}") = "Bot Attendance Payroll", "Bot Attendance Payroll\Bot Attendance Payroll.csproj", "{D30B018F-EC55-4C9F-8ADF-4042699FC7EE}"
EndProject
Project("{FAE04EC0-301F-11D3-BF4B-00C04F79EFBC}") = "Zest_Client", "Zest_Client\Zest_Client.csproj", "{4955AC13-C5D1-4D68-8CB7-74A60EEF3B26}"
EndProject
Global
	GlobalSection(SolutionConfigurationPlatforms) = preSolution
		Debug|Any CPU = Debug|Any CPU
		Release|Any CPU = Release|Any CPU
	EndGlobalSection
	GlobalSection(ProjectConfigurationPlatforms) = postSolution
		{D30B018F-EC55-4C9F-8ADF-4042699FC7EE}.Debug|Any CPU.ActiveCfg = Debug|Any CPU
		{D30B018F-EC55-4C9F-8ADF-4042699FC7EE}.Debug|Any CPU.Build.0 = Debug|Any CPU
		{D30B018F-EC55-4C9F-8ADF-4042699FC7EE}.Release|Any CPU.ActiveCfg = Release|Any CPU
		{D30B018F-EC55-4C9F-8ADF-4042699FC7EE}.Release|Any CPU.Build.0 = Release|Any CPU
		{4955AC13-C5D1-4D68-8CB7-74A60EEF3B26}.Debug|Any CPU.ActiveCfg = Debug|Any CPU
		{4955AC13-C5D1-4D68-8CB7-74A60EEF3B26}.Debug|Any CPU.Build.0 = Debug|Any CPU
		{4955AC13-C5D1-4D68-8CB7-74A60EEF3B26}.Release|Any CPU.ActiveCfg = Release|Any CPU
		{4955AC13-C5D1-4D68-8CB7-74A60EEF3B26}.Release|Any CPU.Build.0 = Release|Any CPU
	EndGlobalSection
	GlobalSection(SolutionProperties) = preSolution
		HideSolutionNode = FALSE
	EndGlobalSection
	GlobalSection(ExtensibilityGlobals) = postSolution
		SolutionGuid = {A80D75E8-3784-4701-B8FE-B8DAD78A5C3D}
	EndGlobalSection
EndGlobal
